
Microsoft Visual Studio Solution File, Format Version 12.00
# Visual Studio Version 17
VisualStudioVersion = 17.1.32328.378
MinimumVisualStudioVersion = 10.0.40219.1
Project("{FAE04EC0-301F-11D3-BF4B-00C04F79EFBC}") = "Racunarska Grafika Projekat 1", "Racunarska Grafika Projekat 1.csproj", "{DB84976D-F5D2-4679-863A-03CED6D33C8E}"
EndProject
Global
	GlobalSection(SolutionConfigurationPlatforms) = preSolution
		Debug|Any CPU = Debug|Any CPU
		Release|Any CPU = Release|Any CPU
	EndGlobalSection
	GlobalSection(ProjectConfigurationPlatforms) = postSolution
		{DB84976D-F5D2-4679-863A-03CED6D33C8E}.Debug|Any CPU.ActiveCfg = Debug|Any CPU
		{DB84976D-F5D2-4679-863A-03CED6D33C8E}.Debug|Any CPU.Build.0 = Debug|Any CPU
		{DB84976D-F5D2-4679-863A-03CED6D33C8E}.Release|Any CPU.ActiveCfg = Release|Any CPU
		{DB84976D-F5D2-4679-863A-03CED6D33C8E}.Release|Any CPU.Build.0 = Release|Any CPU
	EndGlobalSection
	GlobalSection(SolutionProperties) = preSolution
		HideSolutionNode = FALSE
	EndGlobalSection
	GlobalSection(ExtensibilityGlobals) = postSolution
		SolutionGuid = {ECFEA9D2-F31D-4BCB-82AE-12B0E3C87B48}
	EndGlobalSection
EndGlobal
